
Microsoft Visual Studio Solution File, Format Version 12.00
# Visual Studio Version 16
VisualStudioVersion = 16.0.32002.261
MinimumVisualStudioVersion = 10.0.40219.1
Project("{9A19103F-16F7-4668-BE54-9A1E7A4F7556}") = "MyRentalWebService", "MyRentalWebService.csproj", "{CEA523AE-2A6D-4941-8976-4A8A682D0460}"
EndProject
Global
	GlobalSection(SolutionConfigurationPlatforms) = preSolution
		Debug|Any CPU = Debug|Any CPU
		Release|Any CPU = Release|Any CPU
	EndGlobalSection
	GlobalSection(ProjectConfigurationPlatforms) = postSolution
		{CEA523AE-2A6D-4941-8976-4A8A682D0460}.Debug|Any CPU.ActiveCfg = Debug|Any CPU
		{CEA523AE-2A6D-4941-8976-4A8A682D0460}.Debug|Any CPU.Build.0 = Debug|Any CPU
		{CEA523AE-2A6D-4941-8976-4A8A682D0460}.Release|Any CPU.ActiveCfg = Release|Any CPU
		{CEA523AE-2A6D-4941-8976-4A8A682D0460}.Release|Any CPU.Build.0 = Release|Any CPU
	EndGlobalSection
	GlobalSection(SolutionProperties) = preSolution
		HideSolutionNode = FALSE
	EndGlobalSection
	GlobalSection(ExtensibilityGlobals) = postSolution
		SolutionGuid = {97E55B4B-ADE6-4987-9628-9204C9537C53}
	EndGlobalSection
EndGlobal
